github.com/dhowden/itl v0.0.0-20170329215456-9fbe21093131 h1:siEGb+iB1Ea75U7BnkYVSqSRzE6QHlXCbqEXenxRmhQ=
github.com/dhowden/itl v0.0.0-20170329215456-9fbe21093131/go.mod h1:eVWQJVQ67aMvYhpkDwaH2Goy2vo6v8JCMfGXfQ9sPtw=
github.com/dhowden/plist v0.0.0-20141002110153-5db6e0d9931a h1:7MucP9rMAsQRcRE1sGpvMZoTxFYZlDmfDvCH+z7H+90=
github.com/dhowden/plist v0.0.0-20141002110153-5db6e0d9931a/go.mod h1:sLjdR6uwx3L6/Py8F+QgAfeiuY87xuYGwCDqRFrvCzw=
